
Microsoft Visual Studio Solution File, Format Version 12.00
# Visual Studio Version 17
VisualStudioVersion = 17.5.002.0
MinimumVisualStudioVersion = 10.0.40219.1
Project("{9A19103F-16F7-4668-BE54-9A1E7A4F7556}") = "MyWindowsService", "MyWindowsService\MyWindowsService.csproj", "{FAC06B76-6765-4331-8637-A5891423E43B}"
EndProject
Global
	GlobalSection(SolutionConfigurationPlatforms) = preSolution
		Debug|Any CPU = Debug|Any CPU
		Release|Any CPU = Release|Any CPU
	EndGlobalSection
	GlobalSection(ProjectConfigurationPlatforms) = postSolution
		{FAC06B76-6765-4331-8637-A5891423E43B}.Debug|Any CPU.ActiveCfg = Debug|Any CPU
		{FAC06B76-6765-4331-8637-A5891423E43B}.Debug|Any CPU.Build.0 = Debug|Any CPU
		{FAC06B76-6765-4331-8637-A5891423E43B}.Release|Any CPU.ActiveCfg = Release|Any CPU
		{FAC06B76-6765-4331-8637-A5891423E43B}.Release|Any CPU.Build.0 = Release|Any CPU
	EndGlobalSection
	GlobalSection(SolutionProperties) = preSolution
		HideSolutionNode = FALSE
	EndGlobalSection
	GlobalSection(ExtensibilityGlobals) = postSolution
		SolutionGuid = {04EF299C-9568-42BC-BB77-5F6F0C2D9698}
	EndGlobalSection
EndGlobal
